
Microsoft Visual Studio Solution File, Format Version 12.00
# Visual Studio Version 16
VisualStudioVersion = 16.0.28803.452
MinimumVisualStudioVersion = 10.0.40219.1
Project("{9A19103F-16F7-4668-BE54-9A1E7A4F7556}") = "Bonsai.Extensions.DependencyInjection", "Bonsai.Extensions.DependencyInjection\Bonsai.Extensions.DependencyInjection.csproj", "{5E887F20-FCDD-434E-8F56-A04655C49FDF}"
EndProject
Project("{9A19103F-16F7-4668-BE54-9A1E7A4F7556}") = "TestApp", "TestApp\TestApp.csproj", "{3984E611-B93F-4D34-A3CC-FC3BC862AE02}"
EndProject
Global
	GlobalSection(SolutionConfigurationPlatforms) = preSolution
		Debug|Any CPU = Debug|Any CPU
		Release|Any CPU = Release|Any CPU
	EndGlobalSection
	GlobalSection(ProjectConfigurationPlatforms) = postSolution
		{5E887F20-FCDD-434E-8F56-A04655C49FDF}.Debug|Any CPU.ActiveCfg = Debug|Any CPU
		{5E887F20-FCDD-434E-8F56-A04655C49FDF}.Debug|Any CPU.Build.0 = Debug|Any CPU
		{5E887F20-FCDD-434E-8F56-A04655C49FDF}.Release|Any CPU.ActiveCfg = Release|Any CPU
		{5E887F20-FCDD-434E-8F56-A04655C49FDF}.Release|Any CPU.Build.0 = Release|Any CPU
		{3984E611-B93F-4D34-A3CC-FC3BC862AE02}.Debug|Any CPU.ActiveCfg = Debug|Any CPU
		{3984E611-B93F-4D34-A3CC-FC3BC862AE02}.Debug|Any CPU.Build.0 = Debug|Any CPU
		{3984E611-B93F-4D34-A3CC-FC3BC862AE02}.Release|Any CPU.ActiveCfg = Release|Any CPU
		{3984E611-B93F-4D34-A3CC-FC3BC862AE02}.Release|Any CPU.Build.0 = Release|Any CPU
	EndGlobalSection
	GlobalSection(SolutionProperties) = preSolution
		HideSolutionNode = FALSE
	EndGlobalSection
	GlobalSection(ExtensibilityGlobals) = postSolution
		SolutionGuid = {5F98500D-6373-48A9-99AA-1E6F5323D3B0}
	EndGlobalSection
EndGlobal
